
Microsoft Visual Studio Solution File, Format Version 12.00
# Visual Studio Version 16
VisualStudioVersion = 16.0.31410.357
MinimumVisualStudioVersion = 10.0.40219.1
Project("{D954291E-2A0B-460D-934E-DC6B0785DB48}") = "Parcial_Final.Shared", "Parcial_Final.Shared\Parcial_Final.Shared.shproj", "{6279C845-92F8-4333-AB99-3D213163593C}"
EndProject
Project("{2150E333-8FDC-42A3-9474-1A3956D46DE8}") = "Platforms", "Platforms", "{8573713D-5984-4754-B211-CDD9EF87CB48}"
EndProject
Project("{FAE04EC0-301F-11D3-BF4B-00C04F79EFBC}") = "Parcial_Final.Droid", "Parcial_Final.Droid\Parcial_Final.Droid.csproj", "{59768DF7-1037-4D4A-AB93-BC204493C2CB}"
EndProject
Project("{FAE04EC0-301F-11D3-BF4B-00C04F79EFBC}") = "Parcial_Final.iOS", "Parcial_Final.iOS\Parcial_Final.iOS.csproj", "{B9D7C5A2-8152-48C8-9828-F2DB6E297455}"
EndProject
Project("{FAE04EC0-301F-11D3-BF4B-00C04F79EFBC}") = "Parcial_Final.UWP", "Parcial_Final.UWP\Parcial_Final.UWP.csproj", "{C58E3C5C-2F0B-4BF1-930C-CAEC9F630491}"
EndProject
Project("{FAE04EC0-301F-11D3-BF4B-00C04F79EFBC}") = "Parcial_Final.Wasm", "Parcial_Final.Wasm\Parcial_Final.Wasm.csproj", "{3DC69FB3-DD87-45D6-A517-1B9F63D3C959}"
EndProject
Project("{FAE04EC0-301F-11D3-BF4B-00C04F79EFBC}") = "Parcial_Final.macOS", "Parcial_Final.macOS\Parcial_Final.macOS.csproj", "{3EE02946-B971-4D9B-87EA-7BAF1C971BD6}"
EndProject
Project("{FAE04EC0-301F-11D3-BF4B-00C04F79EFBC}") = "Parcial_Final.Skia.Wpf.Host", "Parcial_Final.Skia.Wpf.Host\Parcial_Final.Skia.Wpf.Host.csproj", "{D46F112E-DDE4-4BA7-B00B-FC0B24EDF55A}"
EndProject
Project("{FAE04EC0-301F-11D3-BF4B-00C04F79EFBC}") = "Parcial_Final.Skia.Wpf", "Parcial_Final.Skia.Wpf\Parcial_Final.Skia.Wpf.csproj", "{41F0F171-ACA8-48B9-8B94-DC260890D6A1}"
EndProject
Project("{FAE04EC0-301F-11D3-BF4B-00C04F79EFBC}") = "Parcial_Final.Skia.Gtk", "Parcial_Final.Skia.Gtk\Parcial_Final.Skia.Gtk.csproj", "{30877DE1-BA52-4E8B-8585-771F3ECB78D3}"
EndProject
Project("{FAE04EC0-301F-11D3-BF4B-00C04F79EFBC}") = "Parcial_Final.Skia.Tizen", "Parcial_Final.Skia.Tizen\Parcial_Final.Skia.Tizen.csproj", "{48936E1F-D549-4C40-B08E-55D3C403D76E}"
EndProject
Project("{FAE04EC0-301F-11D3-BF4B-00C04F79EFBC}") = "Parcial_Final.api", "..\Parcial_Final.api\Parcial_Final.api.csproj", "{249A66B8-36B4-42D0-AE0B-7D0077402FFF}"
EndProject
Global
	GlobalSection(SharedMSBuildProjectFiles) = preSolution
		Parcial_Final.Shared\Parcial_Final.Shared.projitems*{30877de1-ba52-4e8b-8585-771f3ecb78d3}*SharedItemsImports = 5
		Parcial_Final.Shared\Parcial_Final.Shared.projitems*{3dc69fb3-dd87-45d6-a517-1b9f63d3c959}*SharedItemsImports = 5
		Parcial_Final.Shared\Parcial_Final.Shared.projitems*{3ee02946-b971-4d9b-87ea-7baf1c971bd6}*SharedItemsImports = 4
		Parcial_Final.Shared\Parcial_Final.Shared.projitems*{41f0f171-aca8-48b9-8b94-dc260890d6a1}*SharedItemsImports = 5
		Parcial_Final.Shared\Parcial_Final.Shared.projitems*{48936e1f-d549-4c40-b08e-55d3c403d76e}*SharedItemsImports = 5
		Parcial_Final.Shared\Parcial_Final.Shared.projitems*{59768df7-1037-4d4a-ab93-bc204493c2cb}*SharedItemsImports = 4
		Parcial_Final.Shared\Parcial_Final.Shared.projitems*{6279c845-92f8-4333-ab99-3d213163593c}*SharedItemsImports = 13
		Parcial_Final.Shared\Parcial_Final.Shared.projitems*{b9d7c5a2-8152-48c8-9828-f2db6e297455}*SharedItemsImports = 4
		Parcial_Final.Shared\Parcial_Final.Shared.projitems*{c58e3c5c-2f0b-4bf1-930c-caec9f630491}*SharedItemsImports = 4
	EndGlobalSection
	GlobalSection(SolutionConfigurationPlatforms) = preSolution
		Ad-Hoc|Any CPU = Ad-Hoc|Any CPU
		Ad-Hoc|ARM = Ad-Hoc|ARM
		Ad-Hoc|ARM64 = Ad-Hoc|ARM64
		Ad-Hoc|iPhone = Ad-Hoc|iPhone
		Ad-Hoc|iPhoneSimulator = Ad-Hoc|iPhoneSimulator
		Ad-Hoc|x64 = Ad-Hoc|x64
		Ad-Hoc|x86 = Ad-Hoc|x86
		AppStore|Any CPU = AppStore|Any CPU
		AppStore|ARM = AppStore|ARM
		AppStore|ARM64 = AppStore|ARM64
		AppStore|iPhone = AppStore|iPhone
		AppStore|iPhoneSimulator = AppStore|iPhoneSimulator
		AppStore|x64 = AppStore|x64
		AppStore|x86 = AppStore|x86
		Debug|Any CPU = Debug|Any CPU
		Debug|ARM = Debug|ARM
		Debug|ARM64 = Debug|ARM64
		Debug|iPhone = Debug|iPhone
		Debug|iPhoneSimulator = Debug|iPhoneSimulator
		Debug|x64 = Debug|x64
		Debug|x86 = Debug|x86
		Release|Any CPU = Release|Any CPU
		Release|ARM = Release|ARM
		Release|ARM64 = Release|ARM64
		Release|iPhone = Release|iPhone
		Release|iPhoneSimulator = Release|iPhoneSimulator
		Release|x64 = Release|x64
		Release|x86 = Release|x86
	EndGlobalSection
	GlobalSection(ProjectConfigurationPlatforms) = postSolution
		{59768DF7-1037-4D4A-AB93-BC204493C2CB}.Ad-Hoc|Any CPU.ActiveCfg = Debug|Any CPU
		{59768DF7-1037-4D4A-AB93-BC204493C2CB}.Ad-Hoc|Any CPU.Build.0 = Debug|Any CPU
		{59768DF7-1037-4D4A-AB93-BC204493C2CB}.Ad-Hoc|Any CPU.Deploy.0 = Debug|Any CPU
		{59768DF7-1037-4D4A-AB93-BC204493C2CB}.Ad-Hoc|ARM.ActiveCfg = Debug|Any CPU
		{59768DF7-1037-4D4A-AB93-BC204493C2CB}.Ad-Hoc|ARM.Build.0 = Debug|Any CPU
		{59768DF7-1037-4D4A-AB93-BC204493C2CB}.Ad-Hoc|ARM.Deploy.0 = Debug|Any CPU
		{59768DF7-1037-4D4A-AB93-BC204493C2CB}.Ad-Hoc|ARM64.ActiveCfg = Debug|Any CPU
		{59768DF7-1037-4D4A-AB93-BC204493C2CB}.Ad-Hoc|ARM64.Build.0 = Debug|Any CPU
		{59768DF7-1037-4D4A-AB93-BC204493C2CB}.Ad-Hoc|ARM64.Deploy.0 = Debug|Any CPU
		{59768DF7-1037-4D4A-AB93-BC204493C2CB}.Ad-Hoc|iPhone.ActiveCfg = Debug|Any CPU
		{59768DF7-1037-4D4A-AB93-BC204493C2CB}.Ad-Hoc|iPhone.Build.0 = Debug|Any CPU
		{59768DF7-1037-4D4A-AB93-BC204493C2CB}.Ad-Hoc|iPhone.Deploy.0 = Debug|Any CPU
		{59768DF7-1037-4D4A-AB93-BC204493C2CB}.Ad-Hoc|iPhoneSimulator.ActiveCfg = Debug|Any CPU
		{59768DF7-1037-4D4A-AB93-BC204493C2CB}.Ad-Hoc|iPhoneSimulator.Build.0 = Debug|Any CPU
		{59768DF7-1037-4D4A-AB93-BC204493C2CB}.Ad-Hoc|iPhoneSimulator.Deploy.0 = Debug|Any CPU
		{59768DF7-1037-4D4A-AB93-BC204493C2CB}.Ad-Hoc|x64.ActiveCfg = Debug|Any CPU
		{59768DF7-1037-4D4A-AB93-BC204493C2CB}.Ad-Hoc|x64.Build.0 = Debug|Any CPU
		{59768DF7-1037-4D4A-AB93-BC204493C2CB}.Ad-Hoc|x64.Deploy.0 = Debug|Any CPU
		{59768DF7-1037-4D4A-AB93-BC204493C2CB}.Ad-Hoc|x86.ActiveCfg = Debug|Any CPU
		{59768DF7-1037-4D4A-AB93-BC204493C2CB}.Ad-Hoc|x86.Build.0 = Debug|Any CPU
		{59768DF7-1037-4D4A-AB93-BC204493C2CB}.Ad-Hoc|x86.Deploy.0 = Debug|Any CPU
		{59768DF7-1037-4D4A-AB93-BC204493C2CB}.AppStore|Any CPU.ActiveCfg = Debug|Any CPU
		{59768DF7-1037-4D4A-AB93-BC204493C2CB}.AppStore|Any CPU.Build.0 = Debug|Any CPU
		{59768DF7-1037-4D4A-AB93-BC204493C2CB}.AppStore|Any CPU.Deploy.0 = Debug|Any CPU
		{59768DF7-1037-4D4A-AB93-BC204493C2CB}.AppStore|ARM.ActiveCfg = Debug|Any CPU
		{59768DF7-1037-4D4A-AB93-BC204493C2CB}.AppStore|ARM.Build.0 = Debug|Any CPU
		{59768DF7-1037-4D4A-AB93-BC204493C2CB}.AppStore|ARM.Deploy.0 = Debug|Any CPU
		{59768DF7-1037-4D4A-AB93-BC204493C2CB}.AppStore|ARM64.ActiveCfg = Debug|Any CPU
		{59768DF7-1037-4D4A-AB93-BC204493C2CB}.AppStore|ARM64.Build.0 = Debug|Any CPU
		{59768DF7-1037-4D4A-AB93-BC204493C2CB}.AppStore|ARM64.Deploy.0 = Debug|Any CPU
		{59768DF7-1037-4D4A-AB93-BC204493C2CB}.AppStore|iPhone.ActiveCfg = Debug|Any CPU
		{59768DF7-1037-4D4A-AB93-BC204493C2CB}.AppStore|iPhone.Build.0 = Debug|Any CPU
		{59768DF7-1037-4D4A-AB93-BC204493C2CB}.AppStore|iPhone.Deploy.0 = Debug|Any CPU
		{59768DF7-1037-4D4A-AB93-BC204493C2CB}.AppStore|iPhoneSimulator.ActiveCfg = Debug|Any CPU
		{59768DF7-1037-4D4A-AB93-BC204493C2CB}.AppStore|iPhoneSimulator.Build.0 = Debug|Any CPU
		{59768DF7-1037-4D4A-AB93-BC204493C2CB}.AppStore|iPhoneSimulator.Deploy.0 = Debug|Any CPU
		{59768DF7-1037-4D4A-AB93-BC204493C2CB}.AppStore|x64.ActiveCfg = Debug|Any CPU
		{59768DF7-1037-4D4A-AB93-BC204493C2CB}.AppStore|x64.Build.0 = Debug|Any CPU
		{59768DF7-1037-4D4A-AB93-BC204493C2CB}.AppStore|x64.Deploy.0 = Debug|Any CPU
		{59768DF7-1037-4D4A-AB93-BC204493C2CB}.AppStore|x86.ActiveCfg = Debug|Any CPU
		{59768DF7-1037-4D4A-AB93-BC204493C2CB}.AppStore|x86.Build.0 = Debug|Any CPU
		{59768DF7-1037-4D4A-AB93-BC204493C2CB}.AppStore|x86.Deploy.0 = Debug|Any CPU
		{59768DF7-1037-4D4A-AB93-BC204493C2CB}.Debug|Any CPU.ActiveCfg = Debug|Any CPU
		{59768DF7-1037-4D4A-AB93-BC204493C2CB}.Debug|Any CPU.Build.0 = Debug|Any CPU
		{59768DF7-1037-4D4A-AB93-BC204493C2CB}.Debug|Any CPU.Deploy.0 = Debug|Any CPU
		{59768DF7-1037-4D4A-AB93-BC204493C2CB}.Debug|ARM.ActiveCfg = Debug|Any CPU
		{59768DF7-1037-4D4A-AB93-BC204493C2CB}.Debug|ARM.Build.0 = Debug|Any CPU
		{59768DF7-1037-4D4A-AB93-BC204493C2CB}.Debug|ARM.Deploy.0 = Debug|Any CPU
		{59768DF7-1037-4D4A-AB93-BC204493C2CB}.Debug|ARM64.ActiveCfg = Debug|Any CPU
		{59768DF7-1037-4D4A-AB93-BC204493C2CB}.Debug|ARM64.Build.0 = Debug|Any CPU
		{59768DF7-1037-4D4A-AB93-BC204493C2CB}.Debug|ARM64.Deploy.0 = Debug|Any CPU
		{59768DF7-1037-4D4A-AB93-BC204493C2CB}.Debug|iPhone.ActiveCfg = Debug|Any CPU
		{59768DF7-1037-4D4A-AB93-BC204493C2CB}.Debug|iPhone.Build.0 = Debug|Any CPU
		{59768DF7-1037-4D4A-AB93-BC204493C2CB}.Debug|iPhone.Deploy.0 = Debug|Any CPU
		{59768DF7-1037-4D4A-AB93-BC204493C2CB}.Debug|iPhoneSimulator.ActiveCfg = Debug|Any CPU
		{59768DF7-1037-4D4A-AB93-BC204493C2CB}.Debug|iPhoneSimulator.Build.0 = Debug|Any CPU
		{59768DF7-1037-4D4A-AB93-BC204493C2CB}.Debug|iPhoneSimulator.Deploy.0 = Debug|Any CPU
		{59768DF7-1037-4D4A-AB93-BC204493C2CB}.Debug|x64.ActiveCfg = Debug|Any CPU
		{59768DF7-1037-4D4A-AB93-BC204493C2CB}.Debug|x64.Build.0 = Debug|Any CPU
		{59768DF7-1037-4D4A-AB93-BC204493C2CB}.Debug|x64.Deploy.0 = Debug|Any CPU
		{59768DF7-1037-4D4A-AB93-BC204493C2CB}.Debug|x86.ActiveCfg = Debug|Any CPU
		{59768DF7-1037-4D4A-AB93-BC204493C2CB}.Debug|x86.Build.0 = Debug|Any CPU
		{59768DF7-1037-4D4A-AB93-BC204493C2CB}.Debug|x86.Deploy.0 = Debug|Any CPU
		{59768DF7-1037-4D4A-AB93-BC204493C2CB}.Release|Any CPU.ActiveCfg = Release|Any CPU
		{59768DF7-1037-4D4A-AB93-BC204493C2CB}.Release|Any CPU.Build.0 = Release|Any CPU
		{59768DF7-1037-4D4A-AB93-BC204493C2CB}.Release|Any CPU.Deploy.0 = Release|Any CPU
		{59768DF7-1037-4D4A-AB93-BC204493C2CB}.Release|ARM.ActiveCfg = Release|Any CPU
		{59768DF7-1037-4D4A-AB93-BC204493C2CB}.Release|ARM.Build.0 = Release|Any CPU
		{59768DF7-1037-4D4A-AB93-BC204493C2CB}.Release|ARM.Deploy.0 = Release|Any CPU
		{59768DF7-1037-4D4A-AB93-BC204493C2CB}.Release|ARM64.ActiveCfg = Release|Any CPU
		{59768DF7-1037-4D4A-AB93-BC204493C2CB}.Release|ARM64.Build.0 = Release|Any CPU
		{59768DF7-1037-4D4A-AB93-BC204493C2CB}.Release|ARM64.Deploy.0 = Release|Any CPU
		{59768DF7-1037-4D4A-AB93-BC204493C2CB}.Release|iPhone.ActiveCfg = Release|Any CPU
		{59768DF7-1037-4D4A-AB93-BC204493C2CB}.Release|iPhone.Build.0 = Release|Any CPU
		{59768DF7-1037-4D4A-AB93-BC204493C2CB}.Release|iPhone.Deploy.0 = Release|Any CPU
		{59768DF7-1037-4D4A-AB93-BC204493C2CB}.Release|iPhoneSimulator.ActiveCfg = Release|Any CPU
		{59768DF7-1037-4D4A-AB93-BC204493C2CB}.Release|iPhoneSimulator.Build.0 = Release|Any CPU
		{59768DF7-1037-4D4A-AB93-BC204493C2CB}.Release|iPhoneSimulator.Deploy.0 = Release|Any CPU
		{59768DF7-1037-4D4A-AB93-BC204493C2CB}.Release|x64.ActiveCfg = Release|Any CPU
		{59768DF7-1037-4D4A-AB93-BC204493C2CB}.Release|x64.Build.0 = Release|Any CPU
		{59768DF7-1037-4D4A-AB93-BC204493C2CB}.Release|x64.Deploy.0 = Release|Any CPU
		{59768DF7-1037-4D4A-AB93-BC204493C2CB}.Release|x86.ActiveCfg = Release|Any CPU
		{59768DF7-1037-4D4A-AB93-BC204493C2CB}.Release|x86.Build.0 = Release|Any CPU
		{59768DF7-1037-4D4A-AB93-BC204493C2CB}.Release|x86.Deploy.0 = Release|Any CPU
		{B9D7C5A2-8152-48C8-9828-F2DB6E297455}.Ad-Hoc|Any CPU.ActiveCfg = Ad-Hoc|iPhoneSimulator
		{B9D7C5A2-8152-48C8-9828-F2DB6E297455}.Ad-Hoc|ARM.ActiveCfg = Ad-Hoc|iPhoneSimulator
		{B9D7C5A2-8152-48C8-9828-F2DB6E297455}.Ad-Hoc|ARM64.ActiveCfg = Ad-Hoc|iPhoneSimulator
		{B9D7C5A2-8152-48C8-9828-F2DB6E297455}.Ad-Hoc|iPhone.ActiveCfg = Ad-Hoc|iPhone
		{B9D7C5A2-8152-48C8-9828-F2DB6E297455}.Ad-Hoc|iPhone.Build.0 = Ad-Hoc|iPhone
		{B9D7C5A2-8152-48C8-9828-F2DB6E297455}.Ad-Hoc|iPhoneSimulator.ActiveCfg = Ad-Hoc|iPhoneSimulator
		{B9D7C5A2-8152-48C8-9828-F2DB6E297455}.Ad-Hoc|iPhoneSimulator.Build.0 = Ad-Hoc|iPhoneSimulator
		{B9D7C5A2-8152-48C8-9828-F2DB6E297455}.Ad-Hoc|x64.ActiveCfg = Ad-Hoc|iPhoneSimulator
		{B9D7C5A2-8152-48C8-9828-F2DB6E297455}.Ad-Hoc|x86.ActiveCfg = Ad-Hoc|iPhoneSimulator
		{B9D7C5A2-8152-48C8-9828-F2DB6E297455}.AppStore|Any CPU.ActiveCfg = AppStore|iPhoneSimulator
		{B9D7C5A2-8152-48C8-9828-F2DB6E297455}.AppStore|ARM.ActiveCfg = AppStore|iPhoneSimulator
		{B9D7C5A2-8152-48C8-9828-F2DB6E297455}.AppStore|ARM64.ActiveCfg = AppStore|iPhoneSimulator
		{B9D7C5A2-8152-48C8-9828-F2DB6E297455}.AppStore|iPhone.ActiveCfg = AppStore|iPhone
		{B9D7C5A2-8152-48C8-9828-F2DB6E297455}.AppStore|iPhone.Build.0 = AppStore|iPhone
		{B9D7C5A2-8152-48C8-9828-F2DB6E297455}.AppStore|iPhoneSimulator.ActiveCfg = AppStore|iPhoneSimulator
		{B9D7C5A2-8152-48C8-9828-F2DB6E297455}.AppStore|iPhoneSimulator.Build.0 = AppStore|iPhoneSimulator
		{B9D7C5A2-8152-48C8-9828-F2DB6E297455}.AppStore|x64.ActiveCfg = AppStore|iPhoneSimulator
		{B9D7C5A2-8152-48C8-9828-F2DB6E297455}.AppStore|x86.ActiveCfg = AppStore|iPhoneSimulator
		{B9D7C5A2-8152-48C8-9828-F2DB6E297455}.Debug|Any CPU.ActiveCfg = Debug|iPhoneSimulator
		{B9D7C5A2-8152-48C8-9828-F2DB6E297455}.Debug|ARM.ActiveCfg = Debug|iPhoneSimulator
		{B9D7C5A2-8152-48C8-9828-F2DB6E297455}.Debug|ARM64.ActiveCfg = Debug|iPhoneSimulator
		{B9D7C5A2-8152-48C8-9828-F2DB6E297455}.Debug|iPhone.ActiveCfg = Debug|iPhone
		{B9D7C5A2-8152-48C8-9828-F2DB6E297455}.Debug|iPhone.Build.0 = Debug|iPhone
		{B9D7C5A2-8152-48C8-9828-F2DB6E297455}.Debug|iPhoneSimulator.ActiveCfg = Debug|iPhoneSimulator
		{B9D7C5A2-8152-48C8-9828-F2DB6E297455}.Debug|iPhoneSimulator.Build.0 = Debug|iPhoneSimulator
		{B9D7C5A2-8152-48C8-9828-F2DB6E297455}.Debug|x64.ActiveCfg = Debug|iPhoneSimulator
		{B9D7C5A2-8152-48C8-9828-F2DB6E297455}.Debug|x86.ActiveCfg = Debug|iPhoneSimulator
		{B9D7C5A2-8152-48C8-9828-F2DB6E297455}.Release|Any CPU.ActiveCfg = Release|iPhoneSimulator
		{B9D7C5A2-8152-48C8-9828-F2DB6E297455}.Release|ARM.ActiveCfg = Release|iPhoneSimulator
		{B9D7C5A2-8152-48C8-9828-F2DB6E297455}.Release|ARM64.ActiveCfg = Release|iPhoneSimulator
		{B9D7C5A2-8152-48C8-9828-F2DB6E297455}.Release|iPhone.ActiveCfg = Release|iPhone
		{B9D7C5A2-8152-48C8-9828-F2DB6E297455}.Release|iPhone.Build.0 = Release|iPhone
		{B9D7C5A2-8152-48C8-9828-F2DB6E297455}.Release|iPhoneSimulator.ActiveCfg = Release|iPhoneSimulator
		{B9D7C5A2-8152-48C8-9828-F2DB6E297455}.Release|iPhoneSimulator.Build.0 = Release|iPhoneSimulator
		{B9D7C5A2-8152-48C8-9828-F2DB6E297455}.Release|x64.ActiveCfg = Release|iPhoneSimulator
		{B9D7C5A2-8152-48C8-9828-F2DB6E297455}.Release|x86.ActiveCfg = Release|iPhoneSimulator
		{C58E3C5C-2F0B-4BF1-930C-CAEC9F630491}.Ad-Hoc|Any CPU.ActiveCfg = Debug|x86
		{C58E3C5C-2F0B-4BF1-930C-CAEC9F630491}.Ad-Hoc|Any CPU.Build.0 = Debug|x86
		{C58E3C5C-2F0B-4BF1-930C-CAEC9F630491}.Ad-Hoc|Any CPU.Deploy.0 = Debug|x86
		{C58E3C5C-2F0B-4BF1-930C-CAEC9F630491}.Ad-Hoc|ARM.ActiveCfg = Debug|ARM
		{C58E3C5C-2F0B-4BF1-930C-CAEC9F630491}.Ad-Hoc|ARM.Build.0 = Debug|ARM
		{C58E3C5C-2F0B-4BF1-930C-CAEC9F630491}.Ad-Hoc|ARM.Deploy.0 = Debug|ARM
		{C58E3C5C-2F0B-4BF1-930C-CAEC9F630491}.Ad-Hoc|ARM64.ActiveCfg = Debug|ARM64
		{C58E3C5C-2F0B-4BF1-930C-CAEC9F630491}.Ad-Hoc|ARM64.Build.0 = Debug|ARM64
		{C58E3C5C-2F0B-4BF1-930C-CAEC9F630491}.Ad-Hoc|ARM64.Deploy.0 = Debug|ARM64
		{C58E3C5C-2F0B-4BF1-930C-CAEC9F630491}.Ad-Hoc|iPhone.ActiveCfg = Debug|x86
		{C58E3C5C-2F0B-4BF1-930C-CAEC9F630491}.Ad-Hoc|iPhone.Build.0 = Debug|x86
		{C58E3C5C-2F0B-4BF1-930C-CAEC9F630491}.Ad-Hoc|iPhone.Deploy.0 = Debug|x86
		{C58E3C5C-2F0B-4BF1-930C-CAEC9F630491}.Ad-Hoc|iPhoneSimulator.ActiveCfg = Debug|x86
		{C58E3C5C-2F0B-4BF1-930C-CAEC9F630491}.Ad-Hoc|iPhoneSimulator.Build.0 = Debug|x86
		{C58E3C5C-2F0B-4BF1-930C-CAEC9F630491}.Ad-Hoc|iPhoneSimulator.Deploy.0 = Debug|x86
		{C58E3C5C-2F0B-4BF1-930C-CAEC9F630491}.Ad-Hoc|x64.ActiveCfg = Debug|x64
		{C58E3C5C-2F0B-4BF1-930C-CAEC9F630491}.Ad-Hoc|x64.Build.0 = Debug|x64
		{C58E3C5C-2F0B-4BF1-930C-CAEC9F630491}.Ad-Hoc|x64.Deploy.0 = Debug|x64
		{C58E3C5C-2F0B-4BF1-930C-CAEC9F630491}.Ad-Hoc|x86.ActiveCfg = Debug|x86
		{C58E3C5C-2F0B-4BF1-930C-CAEC9F630491}.Ad-Hoc|x86.Build.0 = Debug|x86
		{C58E3C5C-2F0B-4BF1-930C-CAEC9F630491}.Ad-Hoc|x86.Deploy.0 = Debug|x86
		{C58E3C5C-2F0B-4BF1-930C-CAEC9F630491}.AppStore|Any CPU.ActiveCfg = Debug|x86
		{C58E3C5C-2F0B-4BF1-930C-CAEC9F630491}.AppStore|Any CPU.Build.0 = Debug|x86
		{C58E3C5C-2F0B-4BF1-930C-CAEC9F630491}.AppStore|Any CPU.Deploy.0 = Debug|x86
		{C58E3C5C-2F0B-4BF1-930C-CAEC9F630491}.AppStore|ARM.ActiveCfg = Debug|ARM
		{C58E3C5C-2F0B-4BF1-930C-CAEC9F630491}.AppStore|ARM.Build.0 = Debug|ARM
		{C58E3C5C-2F0B-4BF1-930C-CAEC9F630491}.AppStore|ARM.Deploy.0 = Debug|ARM
		{C58E3C5C-2F0B-4BF1-930C-CAEC9F630491}.AppStore|ARM64.ActiveCfg = Debug|ARM64
		{C58E3C5C-2F0B-4BF1-930C-CAEC9F630491}.AppStore|ARM64.Build.0 = Debug|ARM64
		{C58E3C5C-2F0B-4BF1-930C-CAEC9F630491}.AppStore|ARM64.Deploy.0 = Debug|ARM64
		{C58E3C5C-2F0B-4BF1-930C-CAEC9F630491}.AppStore|iPhone.ActiveCfg = Debug|x86
		{C58E3C5C-2F0B-4BF1-930C-CAEC9F630491}.AppStore|iPhone.Build.0 = Debug|x86
		{C58E3C5C-2F0B-4BF1-930C-CAEC9F630491}.AppStore|iPhone.Deploy.0 = Debug|x86
		{C58E3C5C-2F0B-4BF1-930C-CAEC9F630491}.AppStore|iPhoneSimulator.ActiveCfg = Debug|x86
		{C58E3C5C-2F0B-4BF1-930C-CAEC9F630491}.AppStore|iPhoneSimulator.Build.0 = Debug|x86
		{C58E3C5C-2F0B-4BF1-930C-CAEC9F630491}.AppStore|iPhoneSimulator.Deploy.0 = Debug|x86
		{C58E3C5C-2F0B-4BF1-930C-CAEC9F630491}.AppStore|x64.ActiveCfg = Debug|x64
		{C58E3C5C-2F0B-4BF1-930C-CAEC9F630491}.AppStore|x64.Build.0 = Debug|x64
		{C58E3C5C-2F0B-4BF1-930C-CAEC9F630491}.AppStore|x64.Deploy.0 = Debug|x64
		{C58E3C5C-2F0B-4BF1-930C-CAEC9F630491}.AppStore|x86.ActiveCfg = Debug|x86
		{C58E3C5C-2F0B-4BF1-930C-CAEC9F630491}.AppStore|x86.Build.0 = Debug|x86
		{C58E3C5C-2F0B-4BF1-930C-CAEC9F630491}.AppStore|x86.Deploy.0 = Debug|x86
		{C58E3C5C-2F0B-4BF1-930C-CAEC9F630491}.Debug|Any CPU.ActiveCfg = Debug|x86
		{C58E3C5C-2F0B-4BF1-930C-CAEC9F630491}.Debug|Any CPU.Build.0 = Debug|x86
		{C58E3C5C-2F0B-4BF1-930C-CAEC9F630491}.Debug|Any CPU.Deploy.0 = Debug|x86
		{C58E3C5C-2F0B-4BF1-930C-CAEC9F630491}.Debug|ARM.ActiveCfg = Debug|ARM
		{C58E3C5C-2F0B-4BF1-930C-CAEC9F630491}.Debug|ARM.Build.0 = Debug|ARM
		{C58E3C5C-2F0B-4BF1-930C-CAEC9F630491}.Debug|ARM.Deploy.0 = Debug|ARM
		{C58E3C5C-2F0B-4BF1-930C-CAEC9F630491}.Debug|ARM64.ActiveCfg = Debug|ARM64
		{C58E3C5C-2F0B-4BF1-930C-CAEC9F630491}.Debug|ARM64.Build.0 = Debug|ARM64
		{C58E3C5C-2F0B-4BF1-930C-CAEC9F630491}.Debug|ARM64.Deploy.0 = Debug|ARM64
		{C58E3C5C-2F0B-4BF1-930C-CAEC9F630491}.Debug|iPhone.ActiveCfg = Debug|x86
		{C58E3C5C-2F0B-4BF1-930C-CAEC9F630491}.Debug|iPhoneSimulator.ActiveCfg = Debug|x86
		{C58E3C5C-2F0B-4BF1-930C-CAEC9F630491}.Debug|x64.ActiveCfg = Debug|x64
		{C58E3C5C-2F0B-4BF1-930C-CAEC9F630491}.Debug|x64.Build.0 = Debug|x64
		{C58E3C5C-2F0B-4BF1-930C-CAEC9F630491}.Debug|x64.Deploy.0 = Debug|x64
		{C58E3C5C-2F0B-4BF1-930C-CAEC9F630491}.Debug|x86.ActiveCfg = Debug|x86
		{C58E3C5C-2F0B-4BF1-930C-CAEC9F630491}.Debug|x86.Build.0 = Debug|x86
		{C58E3C5C-2F0B-4BF1-930C-CAEC9F630491}.Debug|x86.Deploy.0 = Debug|x86
		{C58E3C5C-2F0B-4BF1-930C-CAEC9F630491}.Release|Any CPU.ActiveCfg = Release|x86
		{C58E3C5C-2F0B-4BF1-930C-CAEC9F630491}.Release|ARM.ActiveCfg = Release|ARM
		{C58E3C5C-2F0B-4BF1-930C-CAEC9F630491}.Release|ARM.Build.0 = Release|ARM
		{C58E3C5C-2F0B-4BF1-930C-CAEC9F630491}.Release|ARM.Deploy.0 = Release|ARM
		{C58E3C5C-2F0B-4BF1-930C-CAEC9F630491}.Release|ARM64.ActiveCfg = Release|ARM64
		{C58E3C5C-2F0B-4BF1-930C-CAEC9F630491}.Release|ARM64.Build.0 = Release|ARM64
		{C58E3C5C-2F0B-4BF1-930C-CAEC9F630491}.Release|ARM64.Deploy.0 = Release|ARM64
		{C58E3C5C-2F0B-4BF1-930C-CAEC9F630491}.Release|iPhone.ActiveCfg = Release|x86
		{C58E3C5C-2F0B-4BF1-930C-CAEC9F630491}.Release|iPhoneSimulator.ActiveCfg = Release|x86
		{C58E3C5C-2F0B-4BF1-930C-CAEC9F630491}.Release|x64.ActiveCfg = Release|x64
		{C58E3C5C-2F0B-4BF1-930C-CAEC9F630491}.Release|x64.Build.0 = Release|x64
		{C58E3C5C-2F0B-4BF1-930C-CAEC9F630491}.Release|x64.Deploy.0 = Release|x64
		{C58E3C5C-2F0B-4BF1-930C-CAEC9F630491}.Release|x86.ActiveCfg = Release|x86
		{C58E3C5C-2F0B-4BF1-930C-CAEC9F630491}.Release|x86.Build.0 = Release|x86
		{C58E3C5C-2F0B-4BF1-930C-CAEC9F630491}.Release|x86.Deploy.0 = Release|x86
		{3DC69FB3-DD87-45D6-A517-1B9F63D3C959}.Ad-Hoc|Any CPU.ActiveCfg = Debug|Any CPU
		{3DC69FB3-DD87-45D6-A517-1B9F63D3C959}.Ad-Hoc|Any CPU.Build.0 = Debug|Any CPU
		{3DC69FB3-DD87-45D6-A517-1B9F63D3C959}.Ad-Hoc|ARM.ActiveCfg = Debug|Any CPU
		{3DC69FB3-DD87-45D6-A517-1B9F63D3C959}.Ad-Hoc|ARM.Build.0 = Debug|Any CPU
		{3DC69FB3-DD87-45D6-A517-1B9F63D3C959}.Ad-Hoc|ARM64.ActiveCfg = Debug|Any CPU
		{3DC69FB3-DD87-45D6-A517-1B9F63D3C959}.Ad-Hoc|ARM64.Build.0 = Debug|Any CPU
		{3DC69FB3-DD87-45D6-A517-1B9F63D3C959}.Ad-Hoc|iPhone.ActiveCfg = Debug|Any CPU
		{3DC69FB3-DD87-45D6-A517-1B9F63D3C959}.Ad-Hoc|iPhone.Build.0 = Debug|Any CPU
		{3DC69FB3-DD87-45D6-A517-1B9F63D3C959}.Ad-Hoc|iPhoneSimulator.ActiveCfg = Debug|Any CPU
		{3DC69FB3-DD87-45D6-A517-1B9F63D3C959}.Ad-Hoc|iPhoneSimulator.Build.0 = Debug|Any CPU
		{3DC69FB3-DD87-45D6-A517-1B9F63D3C959}.Ad-Hoc|x64.ActiveCfg = Debug|Any CPU
		{3DC69FB3-DD87-45D6-A517-1B9F63D3C959}.Ad-Hoc|x64.Build.0 = Debug|Any CPU
		{3DC69FB3-DD87-45D6-A517-1B9F63D3C959}.Ad-Hoc|x86.ActiveCfg = Debug|Any CPU
		{3DC69FB3-DD87-45D6-A517-1B9F63D3C959}.Ad-Hoc|x86.Build.0 = Debug|Any CPU
		{3DC69FB3-DD87-45D6-A517-1B9F63D3C959}.AppStore|Any CPU.ActiveCfg = Debug|Any CPU
		{3DC69FB3-DD87-45D6-A517-1B9F63D3C959}.AppStore|Any CPU.Build.0 = Debug|Any CPU
		{3DC69FB3-DD87-45D6-A517-1B9F63D3C959}.AppStore|ARM.ActiveCfg = Debug|Any CPU
		{3DC69FB3-DD87-45D6-A517-1B9F63D3C959}.AppStore|ARM.Build.0 = Debug|Any CPU
		{3DC69FB3-DD87-45D6-A517-1B9F63D3C959}.AppStore|ARM64.ActiveCfg = Debug|Any CPU
		{3DC69FB3-DD87-45D6-A517-1B9F63D3C959}.AppStore|ARM64.Build.0 = Debug|Any CPU
		{3DC69FB3-DD87-45D6-A517-1B9F63D3C959}.AppStore|iPhone.ActiveCfg = Debug|Any CPU
		{3DC69FB3-DD87-45D6-A517-1B9F63D3C959}.AppStore|iPhone.Build.0 = Debug|Any CPU
		{3DC69FB3-DD87-45D6-A517-1B9F63D3C959}.AppStore|iPhoneSimulator.ActiveCfg = Debug|Any CPU
		{3DC69FB3-DD87-45D6-A517-1B9F63D3C959}.AppStore|iPhoneSimulator.Build.0 = Debug|Any CPU
		{3DC69FB3-DD87-45D6-A517-1B9F63D3C959}.AppStore|x64.ActiveCfg = Debug|Any CPU
		{3DC69FB3-DD87-45D6-A517-1B9F63D3C959}.AppStore|x64.Build.0 = Debug|Any CPU
		{3DC69FB3-DD87-45D6-A517-1B9F63D3C959}.AppStore|x86.ActiveCfg = Debug|Any CPU
		{3DC69FB3-DD87-45D6-A517-1B9F63D3C959}.AppStore|x86.Build.0 = Debug|Any CPU
		{3DC69FB3-DD87-45D6-A517-1B9F63D3C959}.Debug|Any CPU.ActiveCfg = Debug|Any CPU
		{3DC69FB3-DD87-45D6-A517-1B9F63D3C959}.Debug|Any CPU.Build.0 = Debug|Any CPU
		{3DC69FB3-DD87-45D6-A517-1B9F63D3C959}.Debug|ARM.ActiveCfg = Debug|Any CPU
		{3DC69FB3-DD87-45D6-A517-1B9F63D3C959}.Debug|ARM.Build.0 = Debug|Any CPU
		{3DC69FB3-DD87-45D6-A517-1B9F63D3C959}.Debug|ARM64.ActiveCfg = Debug|Any CPU
		{3DC69FB3-DD87-45D6-A517-1B9F63D3C959}.Debug|ARM64.Build.0 = Debug|Any CPU
		{3DC69FB3-DD87-45D6-A517-1B9F63D3C959}.Debug|iPhone.ActiveCfg = Debug|Any CPU
		{3DC69FB3-DD87-45D6-A517-1B9F63D3C959}.Debug|iPhone.Build.0 = Debug|Any CPU
		{3DC69FB3-DD87-45D6-A517-1B9F63D3C959}.Debug|iPhoneSimulator.ActiveCfg = Debug|Any CPU
		{3DC69FB3-DD87-45D6-A517-1B9F63D3C959}.Debug|iPhoneSimulator.Build.0 = Debug|Any CPU
		{3DC69FB3-DD87-45D6-A517-1B9F63D3C959}.Debug|x64.ActiveCfg = Debug|Any CPU
		{3DC69FB3-DD87-45D6-A517-1B9F63D3C959}.Debug|x64.Build.0 = Debug|Any CPU
		{3DC69FB3-DD87-45D6-A517-1B9F63D3C959}.Debug|x86.ActiveCfg = Debug|Any CPU
		{3DC69FB3-DD87-45D6-A517-1B9F63D3C959}.Debug|x86.Build.0 = Debug|Any CPU
		{3DC69FB3-DD87-45D6-A517-1B9F63D3C959}.Release|Any CPU.ActiveCfg = Release|Any CPU
		{3DC69FB3-DD87-45D6-A517-1B9F63D3C959}.Release|Any CPU.Build.0 = Release|Any CPU
		{3DC69FB3-DD87-45D6-A517-1B9F63D3C959}.Release|ARM.ActiveCfg = Release|Any CPU
		{3DC69FB3-DD87-45D6-A517-1B9F63D3C959}.Release|ARM.Build.0 = Release|Any CPU
		{3DC69FB3-DD87-45D6-A517-1B9F63D3C959}.Release|ARM64.ActiveCfg = Release|Any CPU
		{3DC69FB3-DD87-45D6-A517-1B9F63D3C959}.Release|ARM64.Build.0 = Release|Any CPU
		{3DC69FB3-DD87-45D6-A517-1B9F63D3C959}.Release|iPhone.ActiveCfg = Release|Any CPU
		{3DC69FB3-DD87-45D6-A517-1B9F63D3C959}.Release|iPhone.Build.0 = Release|Any CPU
		{3DC69FB3-DD87-45D6-A517-1B9F63D3C959}.Release|iPhoneSimulator.ActiveCfg = Release|Any CPU
		{3DC69FB3-DD87-45D6-A517-1B9F63D3C959}.Release|iPhoneSimulator.Build.0 = Release|Any CPU
		{3DC69FB3-DD87-45D6-A517-1B9F63D3C959}.Release|x64.ActiveCfg = Release|Any CPU
		{3DC69FB3-DD87-45D6-A517-1B9F63D3C959}.Release|x64.Build.0 = Release|Any CPU
		{3DC69FB3-DD87-45D6-A517-1B9F63D3C959}.Release|x86.ActiveCfg = Release|Any CPU
		{3DC69FB3-DD87-45D6-A517-1B9F63D3C959}.Release|x86.Build.0 = Release|Any CPU
		{3EE02946-B971-4D9B-87EA-7BAF1C971BD6}.Ad-Hoc|Any CPU.ActiveCfg = Debug|iPhoneSimulator
		{3EE02946-B971-4D9B-87EA-7BAF1C971BD6}.Ad-Hoc|Any CPU.Build.0 = Debug|iPhoneSimulator
		{3EE02946-B971-4D9B-87EA-7BAF1C971BD6}.Ad-Hoc|ARM.ActiveCfg = Debug|iPhoneSimulator
		{3EE02946-B971-4D9B-87EA-7BAF1C971BD6}.Ad-Hoc|ARM.Build.0 = Debug|iPhoneSimulator
		{3EE02946-B971-4D9B-87EA-7BAF1C971BD6}.Ad-Hoc|ARM64.ActiveCfg = Debug|iPhoneSimulator
		{3EE02946-B971-4D9B-87EA-7BAF1C971BD6}.Ad-Hoc|ARM64.Build.0 = Debug|iPhoneSimulator
		{3EE02946-B971-4D9B-87EA-7BAF1C971BD6}.Ad-Hoc|iPhone.ActiveCfg = Debug|iPhoneSimulator
		{3EE02946-B971-4D9B-87EA-7BAF1C971BD6}.Ad-Hoc|iPhone.Build.0 = Debug|iPhoneSimulator
		{3EE02946-B971-4D9B-87EA-7BAF1C971BD6}.Ad-Hoc|iPhoneSimulator.ActiveCfg = Debug|iPhoneSimulator
		{3EE02946-B971-4D9B-87EA-7BAF1C971BD6}.Ad-Hoc|iPhoneSimulator.Build.0 = Debug|iPhoneSimulator
		{3EE02946-B971-4D9B-87EA-7BAF1C971BD6}.Ad-Hoc|x64.ActiveCfg = Debug|iPhoneSimulator
		{3EE02946-B971-4D9B-87EA-7BAF1C971BD6}.Ad-Hoc|x64.Build.0 = Debug|iPhoneSimulator
		{3EE02946-B971-4D9B-87EA-7BAF1C971BD6}.Ad-Hoc|x86.ActiveCfg = Debug|iPhoneSimulator
		{3EE02946-B971-4D9B-87EA-7BAF1C971BD6}.Ad-Hoc|x86.Build.0 = Debug|iPhoneSimulator
		{3EE02946-B971-4D9B-87EA-7BAF1C971BD6}.AppStore|Any CPU.ActiveCfg = Debug|iPhoneSimulator
		{3EE02946-B971-4D9B-87EA-7BAF1C971BD6}.AppStore|Any CPU.Build.0 = Debug|iPhoneSimulator
		{3EE02946-B971-4D9B-87EA-7BAF1C971BD6}.AppStore|ARM.ActiveCfg = Debug|iPhoneSimulator
		{3EE02946-B971-4D9B-87EA-7BAF1C971BD6}.AppStore|ARM.Build.0 = Debug|iPhoneSimulator
		{3EE02946-B971-4D9B-87EA-7BAF1C971BD6}.AppStore|ARM64.ActiveCfg = Debug|iPhoneSimulator
		{3EE02946-B971-4D9B-87EA-7BAF1C971BD6}.AppStore|ARM64.Build.0 = Debug|iPhoneSimulator
		{3EE02946-B971-4D9B-87EA-7BAF1C971BD6}.AppStore|iPhone.ActiveCfg = Debug|iPhoneSimulator
		{3EE02946-B971-4D9B-87EA-7BAF1C971BD6}.AppStore|iPhone.Build.0 = Debug|iPhoneSimulator
		{3EE02946-B971-4D9B-87EA-7BAF1C971BD6}.AppStore|iPhoneSimulator.ActiveCfg = Debug|iPhoneSimulator
		{3EE02946-B971-4D9B-87EA-7BAF1C971BD6}.AppStore|iPhoneSimulator.Build.0 = Debug|iPhoneSimulator
		{3EE02946-B971-4D9B-87EA-7BAF1C971BD6}.AppStore|x64.ActiveCfg = Debug|iPhoneSimulator
		{3EE02946-B971-4D9B-87EA-7BAF1C971BD6}.AppStore|x64.Build.0 = Debug|iPhoneSimulator
		{3EE02946-B971-4D9B-87EA-7BAF1C971BD6}.AppStore|x86.ActiveCfg = Debug|iPhoneSimulator
		{3EE02946-B971-4D9B-87EA-7BAF1C971BD6}.AppStore|x86.Build.0 = Debug|iPhoneSimulator
		{3EE02946-B971-4D9B-87EA-7BAF1C971BD6}.Debug|Any CPU.ActiveCfg = Debug|iPhoneSimulator
		{3EE02946-B971-4D9B-87EA-7BAF1C971BD6}.Debug|ARM.ActiveCfg = Debug|iPhoneSimulator
		{3EE02946-B971-4D9B-87EA-7BAF1C971BD6}.Debug|ARM64.ActiveCfg = Debug|iPhoneSimulator
		{3EE02946-B971-4D9B-87EA-7BAF1C971BD6}.Debug|iPhone.ActiveCfg = Debug|iPhoneSimulator
		{3EE02946-B971-4D9B-87EA-7BAF1C971BD6}.Debug|iPhoneSimulator.ActiveCfg = Debug|iPhoneSimulator
		{3EE02946-B971-4D9B-87EA-7BAF1C971BD6}.Debug|iPhoneSimulator.Build.0 = Debug|iPhoneSimulator
		{3EE02946-B971-4D9B-87EA-7BAF1C971BD6}.Debug|x64.ActiveCfg = Debug|iPhoneSimulator
		{3EE02946-B971-4D9B-87EA-7BAF1C971BD6}.Debug|x86.ActiveCfg = Debug|iPhoneSimulator
		{3EE02946-B971-4D9B-87EA-7BAF1C971BD6}.Release|Any CPU.ActiveCfg = Release|iPhoneSimulator
		{3EE02946-B971-4D9B-87EA-7BAF1C971BD6}.Release|ARM.ActiveCfg = Release|iPhoneSimulator
		{3EE02946-B971-4D9B-87EA-7BAF1C971BD6}.Release|ARM64.ActiveCfg = Release|iPhoneSimulator
		{3EE02946-B971-4D9B-87EA-7BAF1C971BD6}.Release|iPhone.ActiveCfg = Release|iPhoneSimulator
		{3EE02946-B971-4D9B-87EA-7BAF1C971BD6}.Release|iPhoneSimulator.ActiveCfg = Release|iPhoneSimulator
		{3EE02946-B971-4D9B-87EA-7BAF1C971BD6}.Release|iPhoneSimulator.Build.0 = Release|iPhoneSimulator
		{3EE02946-B971-4D9B-87EA-7BAF1C971BD6}.Release|x64.ActiveCfg = Release|iPhoneSimulator
		{3EE02946-B971-4D9B-87EA-7BAF1C971BD6}.Release|x86.ActiveCfg = Release|iPhoneSimulator
		{D46F112E-DDE4-4BA7-B00B-FC0B24EDF55A}.Ad-Hoc|Any CPU.ActiveCfg = Debug|Any CPU
		{D46F112E-DDE4-4BA7-B00B-FC0B24EDF55A}.Ad-Hoc|Any CPU.Build.0 = Debug|Any CPU
		{D46F112E-DDE4-4BA7-B00B-FC0B24EDF55A}.Ad-Hoc|ARM.ActiveCfg = Debug|Any CPU
		{D46F112E-DDE4-4BA7-B00B-FC0B24EDF55A}.Ad-Hoc|ARM.Build.0 = Debug|Any CPU
		{D46F112E-DDE4-4BA7-B00B-FC0B24EDF55A}.Ad-Hoc|ARM64.ActiveCfg = Debug|Any CPU
		{D46F112E-DDE4-4BA7-B00B-FC0B24EDF55A}.Ad-Hoc|ARM64.Build.0 = Debug|Any CPU
		{D46F112E-DDE4-4BA7-B00B-FC0B24EDF55A}.Ad-Hoc|iPhone.ActiveCfg = Debug|Any CPU
		{D46F112E-DDE4-4BA7-B00B-FC0B24EDF55A}.Ad-Hoc|iPhone.Build.0 = Debug|Any CPU
		{D46F112E-DDE4-4BA7-B00B-FC0B24EDF55A}.Ad-Hoc|iPhoneSimulator.ActiveCfg = Debug|Any CPU
		{D46F112E-DDE4-4BA7-B00B-FC0B24EDF55A}.Ad-Hoc|iPhoneSimulator.Build.0 = Debug|Any CPU
		{D46F112E-DDE4-4BA7-B00B-FC0B24EDF55A}.Ad-Hoc|x64.ActiveCfg = Debug|Any CPU
		{D46F112E-DDE4-4BA7-B00B-FC0B24EDF55A}.Ad-Hoc|x64.Build.0 = Debug|Any CPU
		{D46F112E-DDE4-4BA7-B00B-FC0B24EDF55A}.Ad-Hoc|x86.ActiveCfg = Debug|Any CPU
		{D46F112E-DDE4-4BA7-B00B-FC0B24EDF55A}.Ad-Hoc|x86.Build.0 = Debug|Any CPU
		{D46F112E-DDE4-4BA7-B00B-FC0B24EDF55A}.AppStore|Any CPU.ActiveCfg = Debug|Any CPU
		{D46F112E-DDE4-4BA7-B00B-FC0B24EDF55A}.AppStore|Any CPU.Build.0 = Debug|Any CPU
		{D46F112E-DDE4-4BA7-B00B-FC0B24EDF55A}.AppStore|ARM.ActiveCfg = Debug|Any CPU
		{D46F112E-DDE4-4BA7-B00B-FC0B24EDF55A}.AppStore|ARM.Build.0 = Debug|Any CPU
		{D46F112E-DDE4-4BA7-B00B-FC0B24EDF55A}.AppStore|ARM64.ActiveCfg = Debug|Any CPU
		{D46F112E-DDE4-4BA7-B00B-FC0B24EDF55A}.AppStore|ARM64.Build.0 = Debug|Any CPU
		{D46F112E-DDE4-4BA7-B00B-FC0B24EDF55A}.AppStore|iPhone.ActiveCfg = Debug|Any CPU
		{D46F112E-DDE4-4BA7-B00B-FC0B24EDF55A}.AppStore|iPhone.Build.0 = Debug|Any CPU
		{D46F112E-DDE4-4BA7-B00B-FC0B24EDF55A}.AppStore|iPhoneSimulator.ActiveCfg = Debug|Any CPU
		{D46F112E-DDE4-4BA7-B00B-FC0B24EDF55A}.AppStore|iPhoneSimulator.Build.0 = Debug|Any CPU
		{D46F112E-DDE4-4BA7-B00B-FC0B24EDF55A}.AppStore|x64.ActiveCfg = Debug|Any CPU
		{D46F112E-DDE4-4BA7-B00B-FC0B24EDF55A}.AppStore|x64.Build.0 = Debug|Any CPU
		{D46F112E-DDE4-4BA7-B00B-FC0B24EDF55A}.AppStore|x86.ActiveCfg = Debug|Any CPU
		{D46F112E-DDE4-4BA7-B00B-FC0B24EDF55A}.AppStore|x86.Build.0 = Debug|Any CPU
		{D46F112E-DDE4-4BA7-B00B-FC0B24EDF55A}.Debug|Any CPU.ActiveCfg = Debug|Any CPU
		{D46F112E-DDE4-4BA7-B00B-FC0B24EDF55A}.Debug|Any CPU.Build.0 = Debug|Any CPU
		{D46F112E-DDE4-4BA7-B00B-FC0B24EDF55A}.Debug|ARM.ActiveCfg = Debug|Any CPU
		{D46F112E-DDE4-4BA7-B00B-FC0B24EDF55A}.Debug|ARM.Build.0 = Debug|Any CPU
		{D46F112E-DDE4-4BA7-B00B-FC0B24EDF55A}.Debug|ARM64.ActiveCfg = Debug|Any CPU
		{D46F112E-DDE4-4BA7-B00B-FC0B24EDF55A}.Debug|ARM64.Build.0 = Debug|Any CPU
		{D46F112E-DDE4-4BA7-B00B-FC0B24EDF55A}.Debug|iPhone.ActiveCfg = Debug|Any CPU
		{D46F112E-DDE4-4BA7-B00B-FC0B24EDF55A}.Debug|iPhone.Build.0 = Debug|Any CPU
		{D46F112E-DDE4-4BA7-B00B-FC0B24EDF55A}.Debug|iPhoneSimulator.ActiveCfg = Debug|Any CPU
		{D46F112E-DDE4-4BA7-B00B-FC0B24EDF55A}.Debug|iPhoneSimulator.Build.0 = Debug|Any CPU
		{D46F112E-DDE4-4BA7-B00B-FC0B24EDF55A}.Debug|x64.ActiveCfg = Debug|Any CPU
		{D46F112E-DDE4-4BA7-B00B-FC0B24EDF55A}.Debug|x64.Build.0 = Debug|Any CPU
		{D46F112E-DDE4-4BA7-B00B-FC0B24EDF55A}.Debug|x86.ActiveCfg = Debug|Any CPU
		{D46F112E-DDE4-4BA7-B00B-FC0B24EDF55A}.Debug|x86.Build.0 = Debug|Any CPU
		{D46F112E-DDE4-4BA7-B00B-FC0B24EDF55A}.Release|Any CPU.ActiveCfg = Release|Any CPU
		{D46F112E-DDE4-4BA7-B00B-FC0B24EDF55A}.Release|Any CPU.Build.0 = Release|Any CPU
		{D46F112E-DDE4-4BA7-B00B-FC0B24EDF55A}.Release|ARM.ActiveCfg = Release|Any CPU
		{D46F112E-DDE4-4BA7-B00B-FC0B24EDF55A}.Release|ARM.Build.0 = Release|Any CPU
		{D46F112E-DDE4-4BA7-B00B-FC0B24EDF55A}.Release|ARM64.ActiveCfg = Release|Any CPU
		{D46F112E-DDE4-4BA7-B00B-FC0B24EDF55A}.Release|ARM64.Build.0 = Release|Any CPU
		{D46F112E-DDE4-4BA7-B00B-FC0B24EDF55A}.Release|iPhone.ActiveCfg = Release|Any CPU
		{D46F112E-DDE4-4BA7-B00B-FC0B24EDF55A}.Release|iPhone.Build.0 = Release|Any CPU
		{D46F112E-DDE4-4BA7-B00B-FC0B24EDF55A}.Release|iPhoneSimulator.ActiveCfg = Release|Any CPU
		{D46F112E-DDE4-4BA7-B00B-FC0B24EDF55A}.Release|iPhoneSimulator.Build.0 = Release|Any CPU
		{D46F112E-DDE4-4BA7-B00B-FC0B24EDF55A}.Release|x64.ActiveCfg = Release|Any CPU
		{D46F112E-DDE4-4BA7-B00B-FC0B24EDF55A}.Release|x64.Build.0 = Release|Any CPU
		{D46F112E-DDE4-4BA7-B00B-FC0B24EDF55A}.Release|x86.ActiveCfg = Release|Any CPU
		{D46F112E-DDE4-4BA7-B00B-FC0B24EDF55A}.Release|x86.Build.0 = Release|Any CPU
		{41F0F171-ACA8-48B9-8B94-DC260890D6A1}.Ad-Hoc|Any CPU.ActiveCfg = Debug|Any CPU
		{41F0F171-ACA8-48B9-8B94-DC260890D6A1}.Ad-Hoc|Any CPU.Build.0 = Debug|Any CPU
		{41F0F171-ACA8-48B9-8B94-DC260890D6A1}.Ad-Hoc|ARM.ActiveCfg = Debug|Any CPU
		{41F0F171-ACA8-48B9-8B94-DC260890D6A1}.Ad-Hoc|ARM.Build.0 = Debug|Any CPU
		{41F0F171-ACA8-48B9-8B94-DC260890D6A1}.Ad-Hoc|ARM64.ActiveCfg = Debug|Any CPU
		{41F0F171-ACA8-48B9-8B94-DC260890D6A1}.Ad-Hoc|ARM64.Build.0 = Debug|Any CPU
		{41F0F171-ACA8-48B9-8B94-DC260890D6A1}.Ad-Hoc|iPhone.ActiveCfg = Debug|Any CPU
		{41F0F171-ACA8-48B9-8B94-DC260890D6A1}.Ad-Hoc|iPhone.Build.0 = Debug|Any CPU
		{41F0F171-ACA8-48B9-8B94-DC260890D6A1}.Ad-Hoc|iPhoneSimulator.ActiveCfg = Debug|Any CPU
		{41F0F171-ACA8-48B9-8B94-DC260890D6A1}.Ad-Hoc|iPhoneSimulator.Build.0 = Debug|Any CPU
		{41F0F171-ACA8-48B9-8B94-DC260890D6A1}.Ad-Hoc|x64.ActiveCfg = Debug|Any CPU
		{41F0F171-ACA8-48B9-8B94-DC260890D6A1}.Ad-Hoc|x64.Build.0 = Debug|Any CPU
		{41F0F171-ACA8-48B9-8B94-DC260890D6A1}.Ad-Hoc|x86.ActiveCfg = Debug|Any CPU
		{41F0F171-ACA8-48B9-8B94-DC260890D6A1}.Ad-Hoc|x86.Build.0 = Debug|Any CPU
		{41F0F171-ACA8-48B9-8B94-DC260890D6A1}.AppStore|Any CPU.ActiveCfg = Debug|Any CPU
		{41F0F171-ACA8-48B9-8B94-DC260890D6A1}.AppStore|Any CPU.Build.0 = Debug|Any CPU
		{41F0F171-ACA8-48B9-8B94-DC260890D6A1}.AppStore|ARM.ActiveCfg = Debug|Any CPU
		{41F0F171-ACA8-48B9-8B94-DC260890D6A1}.AppStore|ARM.Build.0 = Debug|Any CPU
		{41F0F171-ACA8-48B9-8B94-DC260890D6A1}.AppStore|ARM64.ActiveCfg = Debug|Any CPU
		{41F0F171-ACA8-48B9-8B94-DC260890D6A1}.AppStore|ARM64.Build.0 = Debug|Any CPU
		{41F0F171-ACA8-48B9-8B94-DC260890D6A1}.AppStore|iPhone.ActiveCfg = Debug|Any CPU
		{41F0F171-ACA8-48B9-8B94-DC260890D6A1}.AppStore|iPhone.Build.0 = Debug|Any CPU
		{41F0F171-ACA8-48B9-8B94-DC260890D6A1}.AppStore|iPhoneSimulator.ActiveCfg = Debug|Any CPU
		{41F0F171-ACA8-48B9-8B94-DC260890D6A1}.AppStore|iPhoneSimulator.Build.0 = Debug|Any CPU
		{41F0F171-ACA8-48B9-8B94-DC260890D6A1}.AppStore|x64.ActiveCfg = Debug|Any CPU
		{41F0F171-ACA8-48B9-8B94-DC260890D6A1}.AppStore|x64.Build.0 = Debug|Any CPU
		{41F0F171-ACA8-48B9-8B94-DC260890D6A1}.AppStore|x86.ActiveCfg = Debug|Any CPU
		{41F0F171-ACA8-48B9-8B94-DC260890D6A1}.AppStore|x86.Build.0 = Debug|Any CPU
		{41F0F171-ACA8-48B9-8B94-DC260890D6A1}.Debug|Any CPU.ActiveCfg = Debug|Any CPU
		{41F0F171-ACA8-48B9-8B94-DC260890D6A1}.Debug|Any CPU.Build.0 = Debug|Any CPU
		{41F0F171-ACA8-48B9-8B94-DC260890D6A1}.Debug|ARM.ActiveCfg = Debug|Any CPU
		{41F0F171-ACA8-48B9-8B94-DC260890D6A1}.Debug|ARM.Build.0 = Debug|Any CPU
		{41F0F171-ACA8-48B9-8B94-DC260890D6A1}.Debug|ARM64.ActiveCfg = Debug|Any CPU
		{41F0F171-ACA8-48B9-8B94-DC260890D6A1}.Debug|ARM64.Build.0 = Debug|Any CPU
		{41F0F171-ACA8-48B9-8B94-DC260890D6A1}.Debug|iPhone.ActiveCfg = Debug|Any CPU
		{41F0F171-ACA8-48B9-8B94-DC260890D6A1}.Debug|iPhone.Build.0 = Debug|Any CPU
		{41F0F171-ACA8-48B9-8B94-DC260890D6A1}.Debug|iPhoneSimulator.ActiveCfg = Debug|Any CPU
		{41F0F171-ACA8-48B9-8B94-DC260890D6A1}.Debug|iPhoneSimulator.Build.0 = Debug|Any CPU
		{41F0F171-ACA8-48B9-8B94-DC260890D6A1}.Debug|x64.ActiveCfg = Debug|Any CPU
		{41F0F171-ACA8-48B9-8B94-DC260890D6A1}.Debug|x64.Build.0 = Debug|Any CPU
		{41F0F171-ACA8-48B9-8B94-DC260890D6A1}.Debug|x86.ActiveCfg = Debug|Any CPU
		{41F0F171-ACA8-48B9-8B94-DC260890D6A1}.Debug|x86.Build.0 = Debug|Any CPU
		{41F0F171-ACA8-48B9-8B94-DC260890D6A1}.Release|Any CPU.ActiveCfg = Release|Any CPU
		{41F0F171-ACA8-48B9-8B94-DC260890D6A1}.Release|Any CPU.Build.0 = Release|Any CPU
		{41F0F171-ACA8-48B9-8B94-DC260890D6A1}.Release|ARM.ActiveCfg = Release|Any CPU
		{41F0F171-ACA8-48B9-8B94-DC260890D6A1}.Release|ARM.Build.0 = Release|Any CPU
		{41F0F171-ACA8-48B9-8B94-DC260890D6A1}.Release|ARM64.ActiveCfg = Release|Any CPU
		{41F0F171-ACA8-48B9-8B94-DC260890D6A1}.Release|ARM64.Build.0 = Release|Any CPU
		{41F0F171-ACA8-48B9-8B94-DC260890D6A1}.Release|iPhone.ActiveCfg = Release|Any CPU
		{41F0F171-ACA8-48B9-8B94-DC260890D6A1}.Release|iPhone.Build.0 = Release|Any CPU
		{41F0F171-ACA8-48B9-8B94-DC260890D6A1}.Release|iPhoneSimulator.ActiveCfg = Release|Any CPU
		{41F0F171-ACA8-48B9-8B94-DC260890D6A1}.Release|iPhoneSimulator.Build.0 = Release|Any CPU
		{41F0F171-ACA8-48B9-8B94-DC260890D6A1}.Release|x64.ActiveCfg = Release|Any CPU
		{41F0F171-ACA8-48B9-8B94-DC260890D6A1}.Release|x64.Build.0 = Release|Any CPU
		{41F0F171-ACA8-48B9-8B94-DC260890D6A1}.Release|x86.ActiveCfg = Release|Any CPU
		{41F0F171-ACA8-48B9-8B94-DC260890D6A1}.Release|x86.Build.0 = Release|Any CPU
		{30877DE1-BA52-4E8B-8585-771F3ECB78D3}.Ad-Hoc|Any CPU.ActiveCfg = Debug|Any CPU
		{30877DE1-BA52-4E8B-8585-771F3ECB78D3}.Ad-Hoc|Any CPU.Build.0 = Debug|Any CPU
		{30877DE1-BA52-4E8B-8585-771F3ECB78D3}.Ad-Hoc|ARM.ActiveCfg = Debug|Any CPU
		{30877DE1-BA52-4E8B-8585-771F3ECB78D3}.Ad-Hoc|ARM.Build.0 = Debug|Any CPU
		{30877DE1-BA52-4E8B-8585-771F3ECB78D3}.Ad-Hoc|ARM64.ActiveCfg = Debug|Any CPU
		{30877DE1-BA52-4E8B-8585-771F3ECB78D3}.Ad-Hoc|ARM64.Build.0 = Debug|Any CPU
		{30877DE1-BA52-4E8B-8585-771F3ECB78D3}.Ad-Hoc|iPhone.ActiveCfg = Debug|Any CPU
		{30877DE1-BA52-4E8B-8585-771F3ECB78D3}.Ad-Hoc|iPhone.Build.0 = Debug|Any CPU
		{30877DE1-BA52-4E8B-8585-771F3ECB78D3}.Ad-Hoc|iPhoneSimulator.ActiveCfg = Debug|Any CPU
		{30877DE1-BA52-4E8B-8585-771F3ECB78D3}.Ad-Hoc|iPhoneSimulator.Build.0 = Debug|Any CPU
		{30877DE1-BA52-4E8B-8585-771F3ECB78D3}.Ad-Hoc|x64.ActiveCfg = Debug|Any CPU
		{30877DE1-BA52-4E8B-8585-771F3ECB78D3}.Ad-Hoc|x64.Build.0 = Debug|Any CPU
		{30877DE1-BA52-4E8B-8585-771F3ECB78D3}.Ad-Hoc|x86.ActiveCfg = Debug|Any CPU
		{30877DE1-BA52-4E8B-8585-771F3ECB78D3}.Ad-Hoc|x86.Build.0 = Debug|Any CPU
		{30877DE1-BA52-4E8B-8585-771F3ECB78D3}.AppStore|Any CPU.ActiveCfg = Debug|Any CPU
		{30877DE1-BA52-4E8B-8585-771F3ECB78D3}.AppStore|Any CPU.Build.0 = Debug|Any CPU
		{30877DE1-BA52-4E8B-8585-771F3ECB78D3}.AppStore|ARM.ActiveCfg = Debug|Any CPU
		{30877DE1-BA52-4E8B-8585-771F3ECB78D3}.AppStore|ARM.Build.0 = Debug|Any CPU
		{30877DE1-BA52-4E8B-8585-771F3ECB78D3}.AppStore|ARM64.ActiveCfg = Debug|Any CPU
		{30877DE1-BA52-4E8B-8585-771F3ECB78D3}.AppStore|ARM64.Build.0 = Debug|Any CPU
		{30877DE1-BA52-4E8B-8585-771F3ECB78D3}.AppStore|iPhone.ActiveCfg = Debug|Any CPU
		{30877DE1-BA52-4E8B-8585-771F3ECB78D3}.AppStore|iPhone.Build.0 = Debug|Any CPU
		{30877DE1-BA52-4E8B-8585-771F3ECB78D3}.AppStore|iPhoneSimulator.ActiveCfg = Debug|Any CPU
		{30877DE1-BA52-4E8B-8585-771F3ECB78D3}.AppStore|iPhoneSimulator.Build.0 = Debug|Any CPU
		{30877DE1-BA52-4E8B-8585-771F3ECB78D3}.AppStore|x64.ActiveCfg = Debug|Any CPU
		{30877DE1-BA52-4E8B-8585-771F3ECB78D3}.AppStore|x64.Build.0 = Debug|Any CPU
		{30877DE1-BA52-4E8B-8585-771F3ECB78D3}.AppStore|x86.ActiveCfg = Debug|Any CPU
		{30877DE1-BA52-4E8B-8585-771F3ECB78D3}.AppStore|x86.Build.0 = Debug|Any CPU
		{30877DE1-BA52-4E8B-8585-771F3ECB78D3}.Debug|Any CPU.ActiveCfg = Debug|Any CPU
		{30877DE1-BA52-4E8B-8585-771F3ECB78D3}.Debug|Any CPU.Build.0 = Debug|Any CPU
		{30877DE1-BA52-4E8B-8585-771F3ECB78D3}.Debug|ARM.ActiveCfg = Debug|Any CPU
		{30877DE1-BA52-4E8B-8585-771F3ECB78D3}.Debug|ARM.Build.0 = Debug|Any CPU
		{30877DE1-BA52-4E8B-8585-771F3ECB78D3}.Debug|ARM64.ActiveCfg = Debug|Any CPU
		{30877DE1-BA52-4E8B-8585-771F3ECB78D3}.Debug|ARM64.Build.0 = Debug|Any CPU
		{30877DE1-BA52-4E8B-8585-771F3ECB78D3}.Debug|iPhone.ActiveCfg = Debug|Any CPU
		{30877DE1-BA52-4E8B-8585-771F3ECB78D3}.Debug|iPhone.Build.0 = Debug|Any CPU
		{30877DE1-BA52-4E8B-8585-771F3ECB78D3}.Debug|iPhoneSimulator.ActiveCfg = Debug|Any CPU
		{30877DE1-BA52-4E8B-8585-771F3ECB78D3}.Debug|iPhoneSimulator.Build.0 = Debug|Any CPU
		{30877DE1-BA52-4E8B-8585-771F3ECB78D3}.Debug|x64.ActiveCfg = Debug|Any CPU
		{30877DE1-BA52-4E8B-8585-771F3ECB78D3}.Debug|x64.Build.0 = Debug|Any CPU
		{30877DE1-BA52-4E8B-8585-771F3ECB78D3}.Debug|x86.ActiveCfg = Debug|Any CPU
		{30877DE1-BA52-4E8B-8585-771F3ECB78D3}.Debug|x86.Build.0 = Debug|Any CPU
		{30877DE1-BA52-4E8B-8585-771F3ECB78D3}.Release|Any CPU.ActiveCfg = Release|Any CPU
		{30877DE1-BA52-4E8B-8585-771F3ECB78D3}.Release|Any CPU.Build.0 = Release|Any CPU
		{30877DE1-BA52-4E8B-8585-771F3ECB78D3}.Release|ARM.ActiveCfg = Release|Any CPU
		{30877DE1-BA52-4E8B-8585-771F3ECB78D3}.Release|ARM.Build.0 = Release|Any CPU
		{30877DE1-BA52-4E8B-8585-771F3ECB78D3}.Release|ARM64.ActiveCfg = Release|Any CPU
		{30877DE1-BA52-4E8B-8585-771F3ECB78D3}.Release|ARM64.Build.0 = Release|Any CPU
		{30877DE1-BA52-4E8B-8585-771F3ECB78D3}.Release|iPhone.ActiveCfg = Release|Any CPU
		{30877DE1-BA52-4E8B-8585-771F3ECB78D3}.Release|iPhone.Build.0 = Release|Any CPU
		{30877DE1-BA52-4E8B-8585-771F3ECB78D3}.Release|iPhoneSimulator.ActiveCfg = Release|Any CPU
		{30877DE1-BA52-4E8B-8585-771F3ECB78D3}.Release|iPhoneSimulator.Build.0 = Release|Any CPU
		{30877DE1-BA52-4E8B-8585-771F3ECB78D3}.Release|x64.ActiveCfg = Release|Any CPU
		{30877DE1-BA52-4E8B-8585-771F3ECB78D3}.Release|x64.Build.0 = Release|Any CPU
		{30877DE1-BA52-4E8B-8585-771F3ECB78D3}.Release|x86.ActiveCfg = Release|Any CPU
		{30877DE1-BA52-4E8B-8585-771F3ECB78D3}.Release|x86.Build.0 = Release|Any CPU
		{48936E1F-D549-4C40-B08E-55D3C403D76E}.Ad-Hoc|Any CPU.ActiveCfg = Debug|Any CPU
		{48936E1F-D549-4C40-B08E-55D3C403D76E}.Ad-Hoc|Any CPU.Build.0 = Debug|Any CPU
		{48936E1F-D549-4C40-B08E-55D3C403D76E}.Ad-Hoc|ARM.ActiveCfg = Debug|Any CPU
		{48936E1F-D549-4C40-B08E-55D3C403D76E}.Ad-Hoc|ARM.Build.0 = Debug|Any CPU
		{48936E1F-D549-4C40-B08E-55D3C403D76E}.Ad-Hoc|ARM64.ActiveCfg = Debug|Any CPU
		{48936E1F-D549-4C40-B08E-55D3C403D76E}.Ad-Hoc|ARM64.Build.0 = Debug|Any CPU
		{48936E1F-D549-4C40-B08E-55D3C403D76E}.Ad-Hoc|iPhone.ActiveCfg = Debug|Any CPU
		{48936E1F-D549-4C40-B08E-55D3C403D76E}.Ad-Hoc|iPhone.Build.0 = Debug|Any CPU
		{48936E1F-D549-4C40-B08E-55D3C403D76E}.Ad-Hoc|iPhoneSimulator.ActiveCfg = Debug|Any CPU
		{48936E1F-D549-4C40-B08E-55D3C403D76E}.Ad-Hoc|iPhoneSimulator.Build.0 = Debug|Any CPU
		{48936E1F-D549-4C40-B08E-55D3C403D76E}.Ad-Hoc|x64.ActiveCfg = Debug|Any CPU
		{48936E1F-D549-4C40-B08E-55D3C403D76E}.Ad-Hoc|x64.Build.0 = Debug|Any CPU
		{48936E1F-D549-4C40-B08E-55D3C403D76E}.Ad-Hoc|x86.ActiveCfg = Debug|Any CPU
		{48936E1F-D549-4C40-B08E-55D3C403D76E}.Ad-Hoc|x86.Build.0 = Debug|Any CPU
		{48936E1F-D549-4C40-B08E-55D3C403D76E}.AppStore|Any CPU.ActiveCfg = Debug|Any CPU
		{48936E1F-D549-4C40-B08E-55D3C403D76E}.AppStore|Any CPU.Build.0 = Debug|Any CPU
		{48936E1F-D549-4C40-B08E-55D3C403D76E}.AppStore|ARM.ActiveCfg = Debug|Any CPU
		{48936E1F-D549-4C40-B08E-55D3C403D76E}.AppStore|ARM.Build.0 = Debug|Any CPU
		{48936E1F-D549-4C40-B08E-55D3C403D76E}.AppStore|ARM64.ActiveCfg = Debug|Any CPU
		{48936E1F-D549-4C40-B08E-55D3C403D76E}.AppStore|ARM64.Build.0 = Debug|Any CPU
		{48936E1F-D549-4C40-B08E-55D3C403D76E}.AppStore|iPhone.ActiveCfg = Debug|Any CPU
		{48936E1F-D549-4C40-B08E-55D3C403D76E}.AppStore|iPhone.Build.0 = Debug|Any CPU
		{48936E1F-D549-4C40-B08E-55D3C403D76E}.AppStore|iPhoneSimulator.ActiveCfg = Debug|Any CPU
		{48936E1F-D549-4C40-B08E-55D3C403D76E}.AppStore|iPhoneSimulator.Build.0 = Debug|Any CPU
		{48936E1F-D549-4C40-B08E-55D3C403D76E}.AppStore|x64.ActiveCfg = Debug|Any CPU
		{48936E1F-D549-4C40-B08E-55D3C403D76E}.AppStore|x64.Build.0 = Debug|Any CPU
		{48936E1F-D549-4C40-B08E-55D3C403D76E}.AppStore|x86.ActiveCfg = Debug|Any CPU
		{48936E1F-D549-4C40-B08E-55D3C403D76E}.AppStore|x86.Build.0 = Debug|Any CPU
		{48936E1F-D549-4C40-B08E-55D3C403D76E}.Debug|Any CPU.ActiveCfg = Debug|Any CPU
		{48936E1F-D549-4C40-B08E-55D3C403D76E}.Debug|Any CPU.Build.0 = Debug|Any CPU
		{48936E1F-D549-4C40-B08E-55D3C403D76E}.Debug|ARM.ActiveCfg = Debug|Any CPU
		{48936E1F-D549-4C40-B08E-55D3C403D76E}.Debug|ARM.Build.0 = Debug|Any CPU
		{48936E1F-D549-4C40-B08E-55D3C403D76E}.Debug|ARM64.ActiveCfg = Debug|Any CPU
		{48936E1F-D549-4C40-B08E-55D3C403D76E}.Debug|ARM64.Build.0 = Debug|Any CPU
		{48936E1F-D549-4C40-B08E-55D3C403D76E}.Debug|iPhone.ActiveCfg = Debug|Any CPU
		{48936E1F-D549-4C40-B08E-55D3C403D76E}.Debug|iPhone.Build.0 = Debug|Any CPU
		{48936E1F-D549-4C40-B08E-55D3C403D76E}.Debug|iPhoneSimulator.ActiveCfg = Debug|Any CPU
		{48936E1F-D549-4C40-B08E-55D3C403D76E}.Debug|iPhoneSimulator.Build.0 = Debug|Any CPU
		{48936E1F-D549-4C40-B08E-55D3C403D76E}.Debug|x64.ActiveCfg = Debug|Any CPU
		{48936E1F-D549-4C40-B08E-55D3C403D76E}.Debug|x64.Build.0 = Debug|Any CPU
		{48936E1F-D549-4C40-B08E-55D3C403D76E}.Debug|x86.ActiveCfg = Debug|Any CPU
		{48936E1F-D549-4C40-B08E-55D3C403D76E}.Debug|x86.Build.0 = Debug|Any CPU
		{48936E1F-D549-4C40-B08E-55D3C403D76E}.Release|Any CPU.ActiveCfg = Release|Any CPU
		{48936E1F-D549-4C40-B08E-55D3C403D76E}.Release|Any CPU.Build.0 = Release|Any CPU
		{48936E1F-D549-4C40-B08E-55D3C403D76E}.Release|ARM.ActiveCfg = Release|Any CPU
		{48936E1F-D549-4C40-B08E-55D3C403D76E}.Release|ARM.Build.0 = Release|Any CPU
		{48936E1F-D549-4C40-B08E-55D3C403D76E}.Release|ARM64.ActiveCfg = Release|Any CPU
		{48936E1F-D549-4C40-B08E-55D3C403D76E}.Release|ARM64.Build.0 = Release|Any CPU
		{48936E1F-D549-4C40-B08E-55D3C403D76E}.Release|iPhone.ActiveCfg = Release|Any CPU
		{48936E1F-D549-4C40-B08E-55D3C403D76E}.Release|iPhone.Build.0 = Release|Any CPU
		{48936E1F-D549-4C40-B08E-55D3C403D76E}.Release|iPhoneSimulator.ActiveCfg = Release|Any CPU
		{48936E1F-D549-4C40-B08E-55D3C403D76E}.Release|iPhoneSimulator.Build.0 = Release|Any CPU
		{48936E1F-D549-4C40-B08E-55D3C403D76E}.Release|x64.ActiveCfg = Release|Any CPU
		{48936E1F-D549-4C40-B08E-55D3C403D76E}.Release|x64.Build.0 = Release|Any CPU
		{48936E1F-D549-4C40-B08E-55D3C403D76E}.Release|x86.ActiveCfg = Release|Any CPU
		{48936E1F-D549-4C40-B08E-55D3C403D76E}.Release|x86.Build.0 = Release|Any CPU
		{249A66B8-36B4-42D0-AE0B-7D0077402FFF}.Ad-Hoc|Any CPU.ActiveCfg = Debug|Any CPU
		{249A66B8-36B4-42D0-AE0B-7D0077402FFF}.Ad-Hoc|Any CPU.Build.0 = Debug|Any CPU
		{249A66B8-36B4-42D0-AE0B-7D0077402FFF}.Ad-Hoc|ARM.ActiveCfg = Debug|Any CPU
		{249A66B8-36B4-42D0-AE0B-7D0077402FFF}.Ad-Hoc|ARM.Build.0 = Debug|Any CPU
		{249A66B8-36B4-42D0-AE0B-7D0077402FFF}.Ad-Hoc|ARM64.ActiveCfg = Debug|Any CPU
		{249A66B8-36B4-42D0-AE0B-7D0077402FFF}.Ad-Hoc|ARM64.Build.0 = Debug|Any CPU
		{249A66B8-36B4-42D0-AE0B-7D0077402FFF}.Ad-Hoc|iPhone.ActiveCfg = Debug|Any CPU
		{249A66B8-36B4-42D0-AE0B-7D0077402FFF}.Ad-Hoc|iPhone.Build.0 = Debug|Any CPU
		{249A66B8-36B4-42D0-AE0B-7D0077402FFF}.Ad-Hoc|iPhoneSimulator.ActiveCfg = Debug|Any CPU
		{249A66B8-36B4-42D0-AE0B-7D0077402FFF}.Ad-Hoc|iPhoneSimulator.Build.0 = Debug|Any CPU
		{249A66B8-36B4-42D0-AE0B-7D0077402FFF}.Ad-Hoc|x64.ActiveCfg = Debug|Any CPU
		{249A66B8-36B4-42D0-AE0B-7D0077402FFF}.Ad-Hoc|x64.Build.0 = Debug|Any CPU
		{249A66B8-36B4-42D0-AE0B-7D0077402FFF}.Ad-Hoc|x86.ActiveCfg = Debug|Any CPU
		{249A66B8-36B4-42D0-AE0B-7D0077402FFF}.Ad-Hoc|x86.Build.0 = Debug|Any CPU
		{249A66B8-36B4-42D0-AE0B-7D0077402FFF}.AppStore|Any CPU.ActiveCfg = Debug|Any CPU
		{249A66B8-36B4-42D0-AE0B-7D0077402FFF}.AppStore|Any CPU.Build.0 = Debug|Any CPU
		{249A66B8-36B4-42D0-AE0B-7D0077402FFF}.AppStore|ARM.ActiveCfg = Debug|Any CPU
		{249A66B8-36B4-42D0-AE0B-7D0077402FFF}.AppStore|ARM.Build.0 = Debug|Any CPU
		{249A66B8-36B4-42D0-AE0B-7D0077402FFF}.AppStore|ARM64.ActiveCfg = Debug|Any CPU
		{249A66B8-36B4-42D0-AE0B-7D0077402FFF}.AppStore|ARM64.Build.0 = Debug|Any CPU
		{249A66B8-36B4-42D0-AE0B-7D0077402FFF}.AppStore|iPhone.ActiveCfg = Debug|Any CPU
		{249A66B8-36B4-42D0-AE0B-7D0077402FFF}.AppStore|iPhone.Build.0 = Debug|Any CPU
		{249A66B8-36B4-42D0-AE0B-7D0077402FFF}.AppStore|iPhoneSimulator.ActiveCfg = Debug|Any CPU
		{249A66B8-36B4-42D0-AE0B-7D0077402FFF}.AppStore|iPhoneSimulator.Build.0 = Debug|Any CPU
		{249A66B8-36B4-42D0-AE0B-7D0077402FFF}.AppStore|x64.ActiveCfg = Debug|Any CPU
		{249A66B8-36B4-42D0-AE0B-7D0077402FFF}.AppStore|x64.Build.0 = Debug|Any CPU
		{249A66B8-36B4-42D0-AE0B-7D0077402FFF}.AppStore|x86.ActiveCfg = Debug|Any CPU
		{249A66B8-36B4-42D0-AE0B-7D0077402FFF}.AppStore|x86.Build.0 = Debug|Any CPU
		{249A66B8-36B4-42D0-AE0B-7D0077402FFF}.Debug|Any CPU.ActiveCfg = Debug|Any CPU
		{249A66B8-36B4-42D0-AE0B-7D0077402FFF}.Debug|Any CPU.Build.0 = Debug|Any CPU
		{249A66B8-36B4-42D0-AE0B-7D0077402FFF}.Debug|ARM.ActiveCfg = Debug|Any CPU
		{249A66B8-36B4-42D0-AE0B-7D0077402FFF}.Debug|ARM.Build.0 = Debug|Any CPU
		{249A66B8-36B4-42D0-AE0B-7D0077402FFF}.Debug|ARM64.ActiveCfg = Debug|Any CPU
		{249A66B8-36B4-42D0-AE0B-7D0077402FFF}.Debug|ARM64.Build.0 = Debug|Any CPU
		{249A66B8-36B4-42D0-AE0B-7D0077402FFF}.Debug|iPhone.ActiveCfg = Debug|Any CPU
		{249A66B8-36B4-42D0-AE0B-7D0077402FFF}.Debug|iPhone.Build.0 = Debug|Any CPU
		{249A66B8-36B4-42D0-AE0B-7D0077402FFF}.Debug|iPhoneSimulator.ActiveCfg = Debug|Any CPU
		{249A66B8-36B4-42D0-AE0B-7D0077402FFF}.Debug|iPhoneSimulator.Build.0 = Debug|Any CPU
		{249A66B8-36B4-42D0-AE0B-7D0077402FFF}.Debug|x64.ActiveCfg = Debug|Any CPU
		{249A66B8-36B4-42D0-AE0B-7D0077402FFF}.Debug|x64.Build.0 = Debug|Any CPU
		{249A66B8-36B4-42D0-AE0B-7D0077402FFF}.Debug|x86.ActiveCfg = Debug|Any CPU
		{249A66B8-36B4-42D0-AE0B-7D0077402FFF}.Debug|x86.Build.0 = Debug|Any CPU
		{249A66B8-36B4-42D0-AE0B-7D0077402FFF}.Release|Any CPU.ActiveCfg = Release|Any CPU
		{249A66B8-36B4-42D0-AE0B-7D0077402FFF}.Release|Any CPU.Build.0 = Release|Any CPU
		{249A66B8-36B4-42D0-AE0B-7D0077402FFF}.Release|ARM.ActiveCfg = Release|Any CPU
		{249A66B8-36B4-42D0-AE0B-7D0077402FFF}.Release|ARM.Build.0 = Release|Any CPU
		{249A66B8-36B4-42D0-AE0B-7D0077402FFF}.Release|ARM64.ActiveCfg = Release|Any CPU
		{249A66B8-36B4-42D0-AE0B-7D0077402FFF}.Release|ARM64.Build.0 = Release|Any CPU
		{249A66B8-36B4-42D0-AE0B-7D0077402FFF}.Release|iPhone.ActiveCfg = Release|Any CPU
		{249A66B8-36B4-42D0-AE0B-7D0077402FFF}.Release|iPhone.Build.0 = Release|Any CPU
		{249A66B8-36B4-42D0-AE0B-7D0077402FFF}.Release|iPhoneSimulator.ActiveCfg = Release|Any CPU
		{249A66B8-36B4-42D0-AE0B-7D0077402FFF}.Release|iPhoneSimulator.Build.0 = Release|Any CPU
		{249A66B8-36B4-42D0-AE0B-7D0077402FFF}.Release|x64.ActiveCfg = Release|Any CPU
		{249A66B8-36B4-42D0-AE0B-7D0077402FFF}.Release|x64.Build.0 = Release|Any CPU
		{249A66B8-36B4-42D0-AE0B-7D0077402FFF}.Release|x86.ActiveCfg = Release|Any CPU
		{249A66B8-36B4-42D0-AE0B-7D0077402FFF}.Release|x86.Build.0 = Release|Any CPU
	EndGlobalSection
	GlobalSection(SolutionProperties) = preSolution
		HideSolutionNode = FALSE
	EndGlobalSection
	GlobalSection(NestedProjects) = preSolution
		{59768DF7-1037-4D4A-AB93-BC204493C2CB} = {8573713D-5984-4754-B211-CDD9EF87CB48}
		{B9D7C5A2-8152-48C8-9828-F2DB6E297455} = {8573713D-5984-4754-B211-CDD9EF87CB48}
		{C58E3C5C-2F0B-4BF1-930C-CAEC9F630491} = {8573713D-5984-4754-B211-CDD9EF87CB48}
		{3DC69FB3-DD87-45D6-A517-1B9F63D3C959} = {8573713D-5984-4754-B211-CDD9EF87CB48}
		{3EE02946-B971-4D9B-87EA-7BAF1C971BD6} = {8573713D-5984-4754-B211-CDD9EF87CB48}
		{D46F112E-DDE4-4BA7-B00B-FC0B24EDF55A} = {8573713D-5984-4754-B211-CDD9EF87CB48}
		{41F0F171-ACA8-48B9-8B94-DC260890D6A1} = {8573713D-5984-4754-B211-CDD9EF87CB48}
		{30877DE1-BA52-4E8B-8585-771F3ECB78D3} = {8573713D-5984-4754-B211-CDD9EF87CB48}
		{48936E1F-D549-4C40-B08E-55D3C403D76E} = {8573713D-5984-4754-B211-CDD9EF87CB48}
	EndGlobalSection
	GlobalSection(ExtensibilityGlobals) = postSolution
		SolutionGuid = {379A61EF-9C04-4BE0-AD13-3C3CE8EF1024}
	EndGlobalSection
EndGlobal
